
Microsoft Visual Studio Solution File, Format Version 12.00
# Visual Studio Version 16
VisualStudioVersion = 16.0.29319.158
MinimumVisualStudioVersion = 10.0.40219.1
Project("{FAE04EC0-301F-11D3-BF4B-00C04F79EFBC}") = "DarkThemeProgressBar", "DarkThemeProgressBar\DarkThemeProgressBar.csproj", "{5E10F608-7460-4440-97BE-54748023D2B0}"
EndProject
Global
	GlobalSection(SolutionConfigurationPlatforms) = preSolution
		Debug|Any CPU = Debug|Any CPU
		Release|Any CPU = Release|Any CPU
	EndGlobalSection
	GlobalSection(ProjectConfigurationPlatforms) = postSolution
		{5E10F608-7460-4440-97BE-54748023D2B0}.Debug|Any CPU.ActiveCfg = Debug|Any CPU
		{5E10F608-7460-4440-97BE-54748023D2B0}.Debug|Any CPU.Build.0 = Debug|Any CPU
		{5E10F608-7460-4440-97BE-54748023D2B0}.Release|Any CPU.ActiveCfg = Release|Any CPU
		{5E10F608-7460-4440-97BE-54748023D2B0}.Release|Any CPU.Build.0 = Release|Any CPU
	EndGlobalSection
	GlobalSection(SolutionProperties) = preSolution
		HideSolutionNode = FALSE
	EndGlobalSection
	GlobalSection(ExtensibilityGlobals) = postSolution
		SolutionGuid = {68B9B18C-5B65-49D5-A2B6-7F03EF87DB72}
	EndGlobalSection
EndGlobal
